
Microsoft Visual Studio Solution File, Format Version 12.00
# Visual Studio Version 17
VisualStudioVersion = 17.12.35527.113
MinimumVisualStudioVersion = 10.0.40219.1
Project("{FAE04EC0-301F-11D3-BF4B-00C04F79EFBC}") = "Capitol_Theatre", "Capitol_Theatre\Capitol_Theatre.csproj", "{1A14C8B8-22D5-49C5-BBC5-D73C1FA31470}"
EndProject
Project("{2150E333-8FDC-42A3-9474-1A3956D46DE8}") = "Solution Items", "Solution Items", "{81758BE4-9A53-48D4-82A6-BB0D51D6648D}"
	ProjectSection(SolutionItems) = preProject
		.dockerignore = .dockerignore
		.env = .env
		.gitattributes = .gitattributes
		.gitignore = .gitignore
		docker-compose.yml = docker-compose.yml
		nuget.config = nuget.config
		README.md = README.md
		RECOVERY.md = RECOVERY.md
	EndProjectSection
EndProject
Project("{E53339B2-1760-4266-BCC7-CA923CBCF16C}") = "docker-compose", "docker-compose.dcproj", "{81DDED9D-158B-E303-5F62-77A2896D2A5A}"
EndProject
Global
	GlobalSection(SolutionConfigurationPlatforms) = preSolution
		Debug|Any CPU = Debug|Any CPU
		Release|Any CPU = Release|Any CPU
	EndGlobalSection
	GlobalSection(ProjectConfigurationPlatforms) = postSolution
		{1A14C8B8-22D5-49C5-BBC5-D73C1FA31470}.Debug|Any CPU.ActiveCfg = Debug|Any CPU
		{1A14C8B8-22D5-49C5-BBC5-D73C1FA31470}.Debug|Any CPU.Build.0 = Debug|Any CPU
		{1A14C8B8-22D5-49C5-BBC5-D73C1FA31470}.Release|Any CPU.ActiveCfg = Release|Any CPU
		{1A14C8B8-22D5-49C5-BBC5-D73C1FA31470}.Release|Any CPU.Build.0 = Release|Any CPU
		{81DDED9D-158B-E303-5F62-77A2896D2A5A}.Debug|Any CPU.ActiveCfg = Debug|Any CPU
		{81DDED9D-158B-E303-5F62-77A2896D2A5A}.Debug|Any CPU.Build.0 = Debug|Any CPU
		{81DDED9D-158B-E303-5F62-77A2896D2A5A}.Release|Any CPU.ActiveCfg = Release|Any CPU
		{81DDED9D-158B-E303-5F62-77A2896D2A5A}.Release|Any CPU.Build.0 = Release|Any CPU
	EndGlobalSection
	GlobalSection(SolutionProperties) = preSolution
		HideSolutionNode = FALSE
	EndGlobalSection
	GlobalSection(ExtensibilityGlobals) = postSolution
		SolutionGuid = {65E407F4-49CD-4B0F-95B1-1B333F339148}
	EndGlobalSection
EndGlobal
